{
  "nodes": {
    "flake-utils": {
      "locked": {
        "lastModified": 1648297722,
        "narHash": "sha256-W+qlPsiZd8F3XkzXOzAoR+mpFqzm3ekQkJNa+PIh1BQ=",
        "owner": "numtide",
        "repo": "flake-utils",
        "rev": "0f8662f1319ad6abf89b3380dd2722369fc51ade",
        "type": "github"
      },
      "original": {
        "owner": "numtide",
        "ref": "master",
        "repo": "flake-utils",
        "type": "github"
      }
    },
    "nixpkgs": {
      "locked": {
        "lastModified": 1648765413,
        "narHash": "sha256-lm/C5p27/egemswiNs3F0RHEXRe1IA2NUGi8QBC9RfU=",
        "owner": "nixos",
        "repo": "nixpkgs",
        "rev": "6a751ecd3954faf9d7b52944fafbc572d2e100ff",
        "type": "github"
      },
      "original": {
        "owner": "nixos",
        "ref": "master",
        "repo": "nixpkgs",
        "type": "github"
      }
    },
    "root": {
      "inputs": {
        "flake-utils": "flake-utils",
        "nixpkgs": "nixpkgs",
        "rust-overlay": "rust-overlay"
      }
    },
    "rust-overlay": {
      "inputs": {
        "flake-utils": [
          "flake-utils"
        ],
        "nixpkgs": [
          "nixpkgs"
        ]
      },
      "locked": {
        "lastModified": 1648694045,
        "narHash": "sha256-agxkWcTFdMNHJ28kmHOHtKbjI/Svxigi7SjQU0rjoRI=",
        "owner": "oxalica",
        "repo": "rust-overlay",
        "rev": "89bc2470e961048669227c041458b878f2e5fa56",
        "type": "github"
      },
      "original": {
        "owner": "oxalica",
        "ref": "master",
        "repo": "rust-overlay",
        "type": "github"
      }
    }
  },
  "root": "root",
  "version": 7
}
